{
  "name": "p11.01.03-slam-discord-purge",
  "version": "1.0.0",
  "lockfileVersion": 3,
  "requires": true,
  "packages": {
    "": {
      "name": "p11.01.03-slam-discord-purge",
      "version": "1.0.0",
      "license": "ISC",
      "dependencies": {
        "discord-api-types": "^0.37.87",
        "dotenv": "^16.4.5"
      }
    },
    "node_modules/discord-api-types": {
      "version": "0.37.87",
      "resolved": "https://registry.npmjs.org/discord-api-types/-/discord-api-types-0.37.87.tgz",
      "integrity": "sha512-9KfluFS1J22RuezzouGs2t5X/Yu3jNpmRJrG+dvu1R9R+wfxlhq1RXr/OjjVL6d4rr7Ez92yNWiImf/qX3GV1g=="
    },
    "node_modules/dotenv": {
      "version": "16.4.5",
      "resolved": "https://registry.npmjs.org/dotenv/-/dotenv-16.4.5.tgz",
      "integrity": "sha512-ZmdL2rui+eB2YwhsWzjInR8LldtZHGDoQ1ugH85ppHKwpUHL7j7rN0Ti9NCnGiQbhaZ11FpR+7ao1dNsmduNUg==",
      "engines": {
        "node": ">=12"
      },
      "funding": {
        "url": "https://dotenvx.com"
      }
    }
  }
}
