# This file is generated by running "yarn install" inside your project.
# Manual changes might be lost - proceed with caution!

__metadata:
  version: 8
  cacheKey: 10c0

"P11.01.03-slam-discord-purge@workspace:.":
  version: 0.0.0-use.local
  resolution: "P11.01.03-slam-discord-purge@workspace:."
  languageName: unknown
  linkType: soft
